
Microsoft Visual Studio Solution File, Format Version 12.00
Project("{FAE04EC0-301F-11D3-BF4B-00C04F79EFBC}") = "Spg.HelloWorld.Demo", "Spg.HelloWorld.Demo\Spg.HelloWorld.Demo.csproj", "{356417B5-E620-4FC5-87BE-3562630354C1}"
EndProject
Global
	GlobalSection(SolutionConfigurationPlatforms) = preSolution
		Debug|Any CPU = Debug|Any CPU
		Release|Any CPU = Release|Any CPU
	EndGlobalSection
	GlobalSection(ProjectConfigurationPlatforms) = postSolution
		{356417B5-E620-4FC5-87BE-3562630354C1}.Debug|Any CPU.ActiveCfg = Debug|Any CPU
		{356417B5-E620-4FC5-87BE-3562630354C1}.Debug|Any CPU.Build.0 = Debug|Any CPU
		{356417B5-E620-4FC5-87BE-3562630354C1}.Release|Any CPU.ActiveCfg = Release|Any CPU
		{356417B5-E620-4FC5-87BE-3562630354C1}.Release|Any CPU.Build.0 = Release|Any CPU
	EndGlobalSection
EndGlobal
